
Microsoft Visual Studio Solution File, Format Version 12.00
# Visual Studio Version 16
VisualStudioVersion = 16.0.29709.97
MinimumVisualStudioVersion = 10.0.40219.1
Project("{9A19103F-16F7-4668-BE54-9A1E7A4F7556}") = "CV-System-API-New", "CV-System-API-New\CV-System-API-New.csproj", "{9294AEDC-8176-47A2-9CC1-5CC24EA60051}"
EndProject
Project("{FAE04EC0-301F-11D3-BF4B-00C04F79EFBC}") = "LibDTO", "LibDTO\LibDTO.csproj", "{62A1D54A-10AA-458F-9D6A-9FE7393E7DD8}"
EndProject
Global
	GlobalSection(SolutionConfigurationPlatforms) = preSolution
		Debug|Any CPU = Debug|Any CPU
		Release|Any CPU = Release|Any CPU
	EndGlobalSection
	GlobalSection(ProjectConfigurationPlatforms) = postSolution
		{9294AEDC-8176-47A2-9CC1-5CC24EA60051}.Debug|Any CPU.ActiveCfg = Debug|Any CPU
		{9294AEDC-8176-47A2-9CC1-5CC24EA60051}.Debug|Any CPU.Build.0 = Debug|Any CPU
		{9294AEDC-8176-47A2-9CC1-5CC24EA60051}.Release|Any CPU.ActiveCfg = Release|Any CPU
		{9294AEDC-8176-47A2-9CC1-5CC24EA60051}.Release|Any CPU.Build.0 = Release|Any CPU
		{62A1D54A-10AA-458F-9D6A-9FE7393E7DD8}.Debug|Any CPU.ActiveCfg = Debug|Any CPU
		{62A1D54A-10AA-458F-9D6A-9FE7393E7DD8}.Debug|Any CPU.Build.0 = Debug|Any CPU
		{62A1D54A-10AA-458F-9D6A-9FE7393E7DD8}.Release|Any CPU.ActiveCfg = Release|Any CPU
		{62A1D54A-10AA-458F-9D6A-9FE7393E7DD8}.Release|Any CPU.Build.0 = Release|Any CPU
	EndGlobalSection
	GlobalSection(SolutionProperties) = preSolution
		HideSolutionNode = FALSE
	EndGlobalSection
	GlobalSection(ExtensibilityGlobals) = postSolution
		SolutionGuid = {B7620D2E-BDA3-483A-9A47-7CBB656CCAD1}
	EndGlobalSection
EndGlobal
